
Microsoft Visual Studio Solution File, Format Version 11.00
# Visual Studio 2010
Project("{FAE04EC0-301F-11D3-BF4B-00C04F79EFBC}") = "igweb", "igweb.csproj", "{889B1F00-4786-4BD1-AA02-B5028A91FE39}"
EndProject
Global
	GlobalSection(SolutionConfigurationPlatforms) = preSolution
		Debug|Any CPU = Debug|Any CPU
		Release|Any CPU = Release|Any CPU
	EndGlobalSection
	GlobalSection(ProjectConfigurationPlatforms) = postSolution
		{889B1F00-4786-4BD1-AA02-B5028A91FE39}.Debug|Any CPU.ActiveCfg = Debug|Any CPU
		{889B1F00-4786-4BD1-AA02-B5028A91FE39}.Debug|Any CPU.Build.0 = Debug|Any CPU
		{889B1F00-4786-4BD1-AA02-B5028A91FE39}.Release|Any CPU.ActiveCfg = Release|Any CPU
		{889B1F00-4786-4BD1-AA02-B5028A91FE39}.Release|Any CPU.Build.0 = Release|Any CPU
	EndGlobalSection
	GlobalSection(SolutionProperties) = preSolution
		HideSolutionNode = FALSE
	EndGlobalSection
EndGlobal
